<?xml version="1.0" encoding="utf-8"?>
<Project ToolsVersion="4.0" xmlns="http://schemas.microsoft.com/developer/msbuild/2003">
  <ItemGroup>
    <Filter Include="_Source Files">
      <UniqueIdentifier>{4FC737F1-C7A5-4376-A066-2A32D752A2FF}</UniqueIdentifier>
      <Extensions>cpp;c;cc;cxx;c++;cppm;ixx;def;odl;idl;hpj;bat;asm;asmx</Extensions>
    </Filter>
    <Filter Include="_Header Files">
      <UniqueIdentifier>{93995380-89BD-4b04-88EB-625FBE52EBFB}</UniqueIdentifier>
      <Extensions>h;hh;hpp;hxx;h++;hm;inl;inc;ipp;xsd</Extensions>
    </Filter>
    <Filter Include="Testing">
      <UniqueIdentifier>{c08c4aac-0f6a-4fb2-bc0a-25c73231a661}</UniqueIdentifier>
    </Filter>
  </ItemGroup>
  <ItemGroup>
    <ClCompile Include="Main.cpp">
      <Filter>_Source Files</Filter>
    </ClCompile>
    <ClCompile Include="ThirdPersonCamera.cpp">
      <Filter>_Source Files</Filter>
    </ClCompile>
    <ClCompile Include="Input.cpp">
      <Filter>_Source Files</Filter>
    </ClCompile>
    <ClCompile Include="SceneGraph.cpp">
      <Filter>_Source Files</Filter>
    </ClCompile>
    <ClCompile Include="FilePool.cpp">
      <Filter>_Source Files</Filter>
    </ClCompile>
  </ItemGroup>
  <ItemGroup>
    <ClInclude Include="Timer.hpp">
      <Filter>_Header Files</Filter>
    </ClInclude>
    <ClInclude Include="ThirdPersonCamera.hpp">
      <Filter>_Header Files</Filter>
    </ClInclude>
    <ClInclude Include="Input.hpp">
      <Filter>_Header Files</Filter>
    </ClInclude>
    <ClInclude Include="SceneGraph.hpp">
      <Filter>_Header Files</Filter>
    </ClInclude>
    <ClInclude Include="FilePool.hpp">
      <Filter>_Header Files</Filter>
    </ClInclude>
    <ClInclude Include="AllocationTest.hpp">
      <Filter>Testing</Filter>
    </ClInclude>
    <ClInclude Include="PoolTest.hpp">
      <Filter>Testing</Filter>
    </ClInclude>
  </ItemGroup>
</Project>