
Microsoft Visual Studio Solution File, Format Version 12.00
# Visual Studio Version 16
VisualStudioVersion = 16.0.32126.315
MinimumVisualStudioVersion = 10.0.40219.1
Project("{8BC9CEB8-8B4A-11D0-8D11-00A0C91BC942}") = "RIN", "RIN\RIN.vcxproj", "{FD3007A4-BFC5-41C9-9488-BBA5BE9BC383}"
EndProject
Project("{8BC9CEB8-8B4A-11D0-8D11-00A0C91BC942}") = "Test", "Test\Test.vcxproj", "{C5B40ECD-0DCA-49EC-860D-AE48096339A5}"
EndProject
Global
	GlobalSection(SolutionConfigurationPlatforms) = preSolution
		Debug|x64 = Debug|x64
		Debug|x86 = Debug|x86
		Release|x64 = Release|x64
		Release|x86 = Release|x86
	EndGlobalSection
	GlobalSection(ProjectConfigurationPlatforms) = postSolution
		{FD3007A4-BFC5-41C9-9488-BBA5BE9BC383}.Debug|x64.ActiveCfg = Debug|x64
		{FD3007A4-BFC5-41C9-9488-BBA5BE9BC383}.Debug|x64.Build.0 = Debug|x64
		{FD3007A4-BFC5-41C9-9488-BBA5BE9BC383}.Debug|x86.ActiveCfg = Debug|Win32
		{FD3007A4-BFC5-41C9-9488-BBA5BE9BC383}.Debug|x86.Build.0 = Debug|Win32
		{FD3007A4-BFC5-41C9-9488-BBA5BE9BC383}.Release|x64.ActiveCfg = Release|x64
		{FD3007A4-BFC5-41C9-9488-BBA5BE9BC383}.Release|x64.Build.0 = Release|x64
		{FD3007A4-BFC5-41C9-9488-BBA5BE9BC383}.Release|x86.ActiveCfg = Release|Win32
		{FD3007A4-BFC5-41C9-9488-BBA5BE9BC383}.Release|x86.Build.0 = Release|Win32
		{C5B40ECD-0DCA-49EC-860D-AE48096339A5}.Debug|x64.ActiveCfg = Debug|x64
		{C5B40ECD-0DCA-49EC-860D-AE48096339A5}.Debug|x64.Build.0 = Debug|x64
		{C5B40ECD-0DCA-49EC-860D-AE48096339A5}.Debug|x86.ActiveCfg = Debug|Win32
		{C5B40ECD-0DCA-49EC-860D-AE48096339A5}.Debug|x86.Build.0 = Debug|Win32
		{C5B40ECD-0DCA-49EC-860D-AE48096339A5}.Release|x64.ActiveCfg = Release|x64
		{C5B40ECD-0DCA-49EC-860D-AE48096339A5}.Release|x64.Build.0 = Release|x64
		{C5B40ECD-0DCA-49EC-860D-AE48096339A5}.Release|x86.ActiveCfg = Release|Win32
		{C5B40ECD-0DCA-49EC-860D-AE48096339A5}.Release|x86.Build.0 = Release|Win32
	EndGlobalSection
	GlobalSection(SolutionProperties) = preSolution
		HideSolutionNode = FALSE
	EndGlobalSection
	GlobalSection(ExtensibilityGlobals) = postSolution
		SolutionGuid = {F8B8046B-BDB0-473D-B986-3AD6CC3DF03B}
	EndGlobalSection
EndGlobal
